
Microsoft Visual Studio Solution File, Format Version 12.00
# Visual Studio Version 16
VisualStudioVersion = 16.0.30804.86
MinimumVisualStudioVersion = 10.0.40219.1
Project("{FAE04EC0-301F-11D3-BF4B-00C04F79EFBC}") = "DailyEatStatus", "DailyEatStatus.csproj", "{FA31D1BC-31A7-4FD2-A7FD-ED1A0FE1140B}"
EndProject
Global
	GlobalSection(SolutionConfigurationPlatforms) = preSolution
		Debug|Any CPU = Debug|Any CPU
		Release|Any CPU = Release|Any CPU
	EndGlobalSection
	GlobalSection(ProjectConfigurationPlatforms) = postSolution
		{FA31D1BC-31A7-4FD2-A7FD-ED1A0FE1140B}.Debug|Any CPU.ActiveCfg = Debug|Any CPU
		{FA31D1BC-31A7-4FD2-A7FD-ED1A0FE1140B}.Debug|Any CPU.Build.0 = Debug|Any CPU
		{FA31D1BC-31A7-4FD2-A7FD-ED1A0FE1140B}.Release|Any CPU.ActiveCfg = Release|Any CPU
		{FA31D1BC-31A7-4FD2-A7FD-ED1A0FE1140B}.Release|Any CPU.Build.0 = Release|Any CPU
	EndGlobalSection
	GlobalSection(SolutionProperties) = preSolution
		HideSolutionNode = FALSE
	EndGlobalSection
	GlobalSection(ExtensibilityGlobals) = postSolution
		SolutionGuid = {DC4FD243-D108-47F4-A889-E49825D64928}
	EndGlobalSection
EndGlobal
